// !$*UTF8*$!
{
	archiveVersion = 1;
	classes = {
	};
	objectVersion = 55;
	objects = {

/* Begin PBXBuildFile section */
		055FFDF1C56E934620E479B8 /* Pods_VideosHub.framework in Frameworks */ = {isa = PBXBuildFile; fileRef = E93FA7D116DC0824EABB348F /* Pods_VideosHub.framework */; };
		5248D641288A2EA4004EC4B4 /* Constant.swift in Sources */ = {isa = PBXBuildFile; fileRef = 5248D640288A2EA4004EC4B4 /* Constant.swift */; };
		526926372888DEA20061FB4D /* VideosHubApp.swift in Sources */ = {isa = PBXBuildFile; fileRef = 526926362888DEA20061FB4D /* VideosHubApp.swift */; };
		526926392888DEA20061FB4D /* ContentView.swift in Sources */ = {isa = PBXBuildFile; fileRef = 526926382888DEA20061FB4D /* ContentView.swift */; };
		5269263B2888DEA50061FB4D /* Assets.xcassets in Resources */ = {isa = PBXBuildFile; fileRef = 5269263A2888DEA50061FB4D /* Assets.xcassets */; };
		5269263E2888DEA50061FB4D /* Preview Assets.xcassets in Resources */ = {isa = PBXBuildFile; fileRef = 5269263D2888DEA50061FB4D /* Preview Assets.xcassets */; };
		52C1F1D7288AEA2A00832F17 /* Response.swift in Sources */ = {isa = PBXBuildFile; fileRef = 52C1F1D6288AEA2A00832F17 /* Response.swift */; };
		52C1F1D9288AEA5300832F17 /* Video.swift in Sources */ = {isa = PBXBuildFile; fileRef = 52C1F1D8288AEA5300832F17 /* Video.swift */; };
/* End PBXBuildFile section */

/* Begin PBXFileReference section */
		456959F615300FDA4BA82C93 /* Pods-VideosHub.release.xcconfig */ = {isa = PBXFileReference; includeInIndex = 1; lastKnownFileType = text.xcconfig; name = "Pods-VideosHub.release.xcconfig"; path = "Target Support Files/Pods-VideosHub/Pods-VideosHub.release.xcconfig"; sourceTree = "<group>"; };
		5248D640288A2EA4004EC4B4 /* Constant.swift */ = {isa = PBXFileReference; lastKnownFileType = sourcecode.swift; path = Constant.swift; sourceTree = "<group>"; };
		526926332888DEA20061FB4D /* VideosHub.app */ = {isa = PBXFileReference; explicitFileType = wrapper.application; includeInIndex = 0; path = VideosHub.app; sourceTree = BUILT_PRODUCTS_DIR; };
		526926362888DEA20061FB4D /* VideosHubApp.swift */ = {isa = PBXFileReference; lastKnownFileType = sourcecode.swift; path = VideosHubApp.swift; sourceTree = "<group>"; };
		526926382888DEA20061FB4D /* ContentView.swift */ = {isa = PBXFileReference; lastKnownFileType = sourcecode.swift; path = ContentView.swift; sourceTree = "<group>"; };
		5269263A2888DEA50061FB4D /* Assets.xcassets */ = {isa = PBXFileReference; lastKnownFileType = folder.assetcatalog; path = Assets.xcassets; sourceTree = "<group>"; };
		5269263D2888DEA50061FB4D /* Preview Assets.xcassets */ = {isa = PBXFileReference; lastKnownFileType = folder.assetcatalog; path = "Preview Assets.xcassets"; sourceTree = "<group>"; };
		52C1F1D6288AEA2A00832F17 /* Response.swift */ = {isa = PBXFileReference; lastKnownFileType = sourcecode.swift; path = Response.swift; sourceTree = "<group>"; };
		52C1F1D8288AEA5300832F17 /* Video.swift */ = {isa = PBXFileReference; lastKnownFileType = sourcecode.swift; path = Video.swift; sourceTree = "<group>"; };
		9F615C253FF7532937BD0D1B /* Pods-VideosHub.debug.xcconfig */ = {isa = PBXFileReference; includeInIndex = 1; lastKnownFileType = text.xcconfig; name = "Pods-VideosHub.debug.xcconfig"; path = "Target Support Files/Pods-VideosHub/Pods-VideosHub.debug.xcconfig"; sourceTree = "<group>"; };
		E93FA7D116DC0824EABB348F /* Pods_VideosHub.framework */ = {isa = PBXFileReference; explicitFileType = wrapper.framework; includeInIndex = 0; path = Pods_VideosHub.framework; sourceTree = BUILT_PRODUCTS_DIR; };
/* End PBXFileReference section */

/* Begin PBXFrameworksBuildPhase section */
		526926302888DEA20061FB4D /* Frameworks */ = {
			isa = PBXFrameworksBuildPhase;
			buildActionMask = 2147483647;
			files = (
				055FFDF1C56E934620E479B8 /* Pods_VideosHub.framework in Frameworks */,
			);
			runOnlyForDeploymentPostprocessing = 0;
		};
/* End PBXFrameworksBuildPhase section */

/* Begin PBXGroup section */
		5248D63F288A2E88004EC4B4 /* Helpers */ = {
			isa = PBXGroup;
			children = (
				5248D640288A2EA4004EC4B4 /* Constant.swift */,
			);
			path = Helpers;
			sourceTree = "<group>";
		};
		5269262A2888DEA20061FB4D = {
			isa = PBXGroup;
			children = (
				526926352888DEA20061FB4D /* VideosHub */,
				526926342888DEA20061FB4D /* Products */,
				F073871C21845FF7E7752C0A /* Pods */,
				979A1B6E303999A1A4ED64EC /* Frameworks */,
			);
			sourceTree = "<group>";
		};
		526926342888DEA20061FB4D /* Products */ = {
			isa = PBXGroup;
			children = (
				526926332888DEA20061FB4D /* VideosHub.app */,
			);
			name = Products;
			sourceTree = "<group>";
		};
		526926352888DEA20061FB4D /* VideosHub */ = {
			isa = PBXGroup;
			children = (
				526926362888DEA20061FB4D /* VideosHubApp.swift */,
				526926382888DEA20061FB4D /* ContentView.swift */,
				52C1F1D5288AEA1C00832F17 /* Models */,
				5248D63F288A2E88004EC4B4 /* Helpers */,
				5269263A2888DEA50061FB4D /* Assets.xcassets */,
				5269263C2888DEA50061FB4D /* Preview Content */,
			);
			path = VideosHub;
			sourceTree = "<group>";
		};
		5269263C2888DEA50061FB4D /* Preview Content */ = {
			isa = PBXGroup;
			children = (
				5269263D2888DEA50061FB4D /* Preview Assets.xcassets */,
			);
			path = "Preview Content";
			sourceTree = "<group>";
		};
		52C1F1D5288AEA1C00832F17 /* Models */ = {
			isa = PBXGroup;
			children = (
				52C1F1D6288AEA2A00832F17 /* Response.swift */,
				52C1F1D8288AEA5300832F17 /* Video.swift */,
			);
			path = Models;
			sourceTree = "<group>";
		};
		979A1B6E303999A1A4ED64EC /* Frameworks */ = {
			isa = PBXGroup;
			children = (
				E93FA7D116DC0824EABB348F /* Pods_VideosHub.framework */,
			);
			name = Frameworks;
			sourceTree = "<group>";
		};
		F073871C21845FF7E7752C0A /* Pods */ = {
			isa = PBXGroup;
			children = (
				9F615C253FF7532937BD0D1B /* Pods-VideosHub.debug.xcconfig */,
				456959F615300FDA4BA82C93 /* Pods-VideosHub.release.xcconfig */,
			);
			path = Pods;
			sourceTree = "<group>";
		};
/* End PBXGroup section */

/* Begin PBXNativeTarget section */
		526926322888DEA20061FB4D /* VideosHub */ = {
			isa = PBXNativeTarget;
			buildConfigurationList = 526926412888DEA50061FB4D /* Build configuration list for PBXNativeTarget "VideosHub" */;
			buildPhases = (
				5BAE23F984B2EF17A93DF08C /* [CP] Check Pods Manifest.lock */,
				5269262F2888DEA20061FB4D /* Sources */,
				526926302888DEA20061FB4D /* Frameworks */,
				526926312888DEA20061FB4D /* Resources */,
				ECA969BAB1F6319767506D6D /* [CP] Embed Pods Frameworks */,
			);
			buildRules = (
			);
			dependencies = (
			);
			name = VideosHub;
			productName = VideosHub;
			productReference = 526926332888DEA20061FB4D /* VideosHub.app */;
			productType = "com.apple.product-type.application";
		};
/* End PBXNativeTarget section */

/* Begin PBXProject section */
		5269262B2888DEA20061FB4D /* Project object */ = {
			isa = PBXProject;
			attributes = {
				BuildIndependentTargetsInParallel = 1;
				LastSwiftUpdateCheck = 1340;
				LastUpgradeCheck = 1340;
				TargetAttributes = {
					526926322888DEA20061FB4D = {
						CreatedOnToolsVersion = 13.4.1;
					};
				};
			};
			buildConfigurationList = 5269262E2888DEA20061FB4D /* Build configuration list for PBXProject "VideosHub" */;
			compatibilityVersion = "Xcode 13.0";
			developmentRegion = en;
			hasScannedForEncodings = 0;
			knownRegions = (
				en,
				Base,
			);
			mainGroup = 5269262A2888DEA20061FB4D;
			productRefGroup = 526926342888DEA20061FB4D /* Products */;
			projectDirPath = "";
			projectRoot = "";
			targets = (
				526926322888DEA20061FB4D /* VideosHub */,
			);
		};
/* End PBXProject section */

/* Begin PBXResourcesBuildPhase section */
		526926312888DEA20061FB4D /* Resources */ = {
			isa = PBXResourcesBuildPhase;
			buildActionMask = 2147483647;
			files = (
				5269263E2888DEA50061FB4D /* Preview Assets.xcassets in Resources */,
				5269263B2888DEA50061FB4D /* Assets.xcassets in Resources */,
			);
			runOnlyForDeploymentPostprocessing = 0;
		};
/* End PBXResourcesBuildPhase section */

/* Begin PBXShellScriptBuildPhase section */
		5BAE23F984B2EF17A93DF08C /* [CP] Check Pods Manifest.lock */ = {
			isa = PBXShellScriptBuildPhase;
			buildActionMask = 2147483647;
			files = (
			);
			inputFileListPaths = (
			);
			inputPaths = (
				"${PODS_PODFILE_DIR_PATH}/Podfile.lock",
				"${PODS_ROOT}/Manifest.lock",
			);
			name = "[CP] Check Pods Manifest.lock";
			outputFileListPaths = (
			);
			outputPaths = (
				"$(DERIVED_FILE_DIR)/Pods-VideosHub-checkManifestLockResult.txt",
			);
			runOnlyForDeploymentPostprocessing = 0;
			shellPath = /bin/sh;
			shellScript = "diff \"${PODS_PODFILE_DIR_PATH}/Podfile.lock\" \"${PODS_ROOT}/Manifest.lock\" > /dev/null\nif [ $? != 0 ] ; then\n    # print error to STDERR\n    echo \"error: The sandbox is not in sync with the Podfile.lock. Run 'pod install' or update your CocoaPods installation.\" >&2\n    exit 1\nfi\n# This output is used by Xcode 'outputs' to avoid re-running this script phase.\necho \"SUCCESS\" > \"${SCRIPT_OUTPUT_FILE_0}\"\n";
			showEnvVarsInLog = 0;
		};
		ECA969BAB1F6319767506D6D /* [CP] Embed Pods Frameworks */ = {
			isa = PBXShellScriptBuildPhase;
			buildActionMask = 2147483647;
			files = (
			);
			inputFileListPaths = (
				"${PODS_ROOT}/Target Support Files/Pods-VideosHub/Pods-VideosHub-frameworks-${CONFIGURATION}-input-files.xcfilelist",
			);
			name = "[CP] Embed Pods Frameworks";
			outputFileListPaths = (
				"${PODS_ROOT}/Target Support Files/Pods-VideosHub/Pods-VideosHub-frameworks-${CONFIGURATION}-output-files.xcfilelist",
			);
			runOnlyForDeploymentPostprocessing = 0;
			shellPath = /bin/sh;
			shellScript = "\"${PODS_ROOT}/Target Support Files/Pods-VideosHub/Pods-VideosHub-frameworks.sh\"\n";
			showEnvVarsInLog = 0;
		};
/* End PBXShellScriptBuildPhase section */

/* Begin PBXSourcesBuildPhase section */
		5269262F2888DEA20061FB4D /* Sources */ = {
			isa = PBXSourcesBuildPhase;
			buildActionMask = 2147483647;
			files = (
				52C1F1D7288AEA2A00832F17 /* Response.swift in Sources */,
				526926392888DEA20061FB4D /* ContentView.swift in Sources */,
				526926372888DEA20061FB4D /* VideosHubApp.swift in Sources */,
				5248D641288A2EA4004EC4B4 /* Constant.swift in Sources */,
				52C1F1D9288AEA5300832F17 /* Video.swift in Sources */,
			);
			runOnlyForDeploymentPostprocessing = 0;
		};
/* End PBXSourcesBuildPhase section */

/* Begin XCBuildConfiguration section */
		5269263F2888DEA50061FB4D /* Debug */ = {
			isa = XCBuildConfiguration;
			buildSettings = {
				ALWAYS_SEARCH_USER_PATHS = NO;
				CLANG_ANALYZER_NONNULL = YES;
				CLANG_ANALYZER_NUMBER_OBJECT_CONVERSION = YES_AGGRESSIVE;
				CLANG_CXX_LANGUAGE_STANDARD = "gnu++17";
				CLANG_ENABLE_MODULES = YES;
				CLANG_ENABLE_OBJC_ARC = YES;
				CLANG_ENABLE_OBJC_WEAK = YES;
				CLANG_WARN_BLOCK_CAPTURE_AUTORELEASING = YES;
				CLANG_WARN_BOOL_CONVERSION = YES;
				CLANG_WARN_COMMA = YES;
				CLANG_WARN_CONSTANT_CONVERSION = YES;
				CLANG_WARN_DEPRECATED_OBJC_IMPLEMENTATIONS = YES;
				CLANG_WARN_DIRECT_OBJC_ISA_USAGE = YES_ERROR;
				CLANG_WARN_DOCUMENTATION_COMMENTS = YES;
				CLANG_WARN_EMPTY_BODY = YES;
				CLANG_WARN_ENUM_CONVERSION = YES;
				CLANG_WARN_INFINITE_RECURSION = YES;
				CLANG_WARN_INT_CONVERSION = YES;
				CLANG_WARN_NON_LITERAL_NULL_CONVERSION = YES;
				CLANG_WARN_OBJC_IMPLICIT_RETAIN_SELF = YES;
				CLANG_WARN_OBJC_LITERAL_CONVERSION = YES;
				CLANG_WARN_OBJC_ROOT_CLASS = YES_ERROR;
				CLANG_WARN_QUOTED_INCLUDE_IN_FRAMEWORK_HEADER = YES;
				CLANG_WARN_RANGE_LOOP_ANALYSIS = YES;
				CLANG_WARN_STRICT_PROTOTYPES = YES;
				CLANG_WARN_SUSPICIOUS_MOVE = YES;
				CLANG_WARN_UNGUARDED_AVAILABILITY = YES_AGGRESSIVE;
				CLANG_WARN_UNREACHABLE_CODE = YES;
				CLANG_WARN__DUPLICATE_METHOD_MATCH = YES;
				COPY_PHASE_STRIP = NO;
				DEBUG_INFORMATION_FORMAT = dwarf;
				ENABLE_STRICT_OBJC_MSGSEND = YES;
				ENABLE_TESTABILITY = YES;
				GCC_C_LANGUAGE_STANDARD = gnu11;
				GCC_DYNAMIC_NO_PIC = NO;
				GCC_NO_COMMON_BLOCKS = YES;
				GCC_OPTIMIZATION_LEVEL = 0;
				GCC_PREPROCESSOR_DEFINITIONS = (
					"DEBUG=1",
					"$(inherited)",
				);
				GCC_WARN_64_TO_32_BIT_CONVERSION = YES;
				GCC_WARN_ABOUT_RETURN_TYPE = YES_ERROR;
				GCC_WARN_UNDECLARED_SELECTOR = YES;
				GCC_WARN_UNINITIALIZED_AUTOS = YES_AGGRESSIVE;
				GCC_WARN_UNUSED_FUNCTION = YES;
				GCC_WARN_UNUSED_VARIABLE = YES;
				IPHONEOS_DEPLOYMENT_TARGET = 15.5;
				MTL_ENABLE_DEBUG_INFO = INCLUDE_SOURCE;
				MTL_FAST_MATH = YES;
				ONLY_ACTIVE_ARCH = YES;
				SDKROOT = iphoneos;
				SWIFT_ACTIVE_COMPILATION_CONDITIONS = DEBUG;
				SWIFT_OPTIMIZATION_LEVEL = "-Onone";
			};
			name = Debug;
		};
		526926402888DEA50061FB4D /* Release */ = {
			isa = XCBuildConfiguration;
			buildSettings = {
				ALWAYS_SEARCH_USER_PATHS = NO;
				CLANG_ANALYZER_NONNULL = YES;
				CLANG_ANALYZER_NUMBER_OBJECT_CONVERSION = YES_AGGRESSIVE;
				CLANG_CXX_LANGUAGE_STANDARD = "gnu++17";
				CLANG_ENABLE_MODULES = YES;
				CLANG_ENABLE_OBJC_ARC = YES;
				CLANG_ENABLE_OBJC_WEAK = YES;
				CLANG_WARN_BLOCK_CAPTURE_AUTORELEASING = YES;
				CLANG_WARN_BOOL_CONVERSION = YES;
				CLANG_WARN_COMMA = YES;
				CLANG_WARN_CONSTANT_CONVERSION = YES;
				CLANG_WARN_DEPRECATED_OBJC_IMPLEMENTATIONS = YES;
				CLANG_WARN_DIRECT_OBJC_ISA_USAGE = YES_ERROR;
				CLANG_WARN_DOCUMENTATION_COMMENTS = YES;
				CLANG_WARN_EMPTY_BODY = YES;
				CLANG_WARN_ENUM_CONVERSION = YES;
				CLANG_WARN_INFINITE_RECURSION = YES;
				CLANG_WARN_INT_CONVERSION = YES;
				CLANG_WARN_NON_LITERAL_NULL_CONVERSION = YES;
				CLANG_WARN_OBJC_IMPLICIT_RETAIN_SELF = YES;
				CLANG_WARN_OBJC_LITERAL_CONVERSION = YES;
				CLANG_WARN_OBJC_ROOT_CLASS = YES_ERROR;
				CLANG_WARN_QUOTED_INCLUDE_IN_FRAMEWORK_HEADER = YES;
				CLANG_WARN_RANGE_LOOP_ANALYSIS = YES;
				CLANG_WARN_STRICT_PROTOTYPES = YES;
				CLANG_WARN_SUSPICIOUS_MOVE = YES;
				CLANG_WARN_UNGUARDED_AVAILABILITY = YES_AGGRESSIVE;
				CLANG_WARN_UNREACHABLE_CODE = YES;
				CLANG_WARN__DUPLICATE_METHOD_MATCH = YES;
				COPY_PHASE_STRIP = NO;
				DEBUG_INFORMATION_FORMAT = "dwarf-with-dsym";
				ENABLE_NS_ASSERTIONS = NO;
				ENABLE_STRICT_OBJC_MSGSEND = YES;
				GCC_C_LANGUAGE_STANDARD = gnu11;
				GCC_NO_COMMON_BLOCKS = YES;
				GCC_WARN_64_TO_32_BIT_CONVERSION = YES;
				GCC_WARN_ABOUT_RETURN_TYPE = YES_ERROR;
				GCC_WARN_UNDECLARED_SELECTOR = YES;
				GCC_WARN_UNINITIALIZED_AUTOS = YES_AGGRESSIVE;
				GCC_WARN_UNUSED_FUNCTION = YES;
				GCC_WARN_UNUSED_VARIABLE = YES;
				IPHONEOS_DEPLOYMENT_TARGET = 15.5;
				MTL_ENABLE_DEBUG_INFO = NO;
				MTL_FAST_MATH = YES;
				SDKROOT = iphoneos;
				SWIFT_COMPILATION_MODE = wholemodule;
				SWIFT_OPTIMIZATION_LEVEL = "-O";
				VALIDATE_PRODUCT = YES;
			};
			name = Release;
		};
		526926422888DEA50061FB4D /* Debug */ = {
			isa = XCBuildConfiguration;
			baseConfigurationReference = 9F615C253FF7532937BD0D1B /* Pods-VideosHub.debug.xcconfig */;
			buildSettings = {
				ASSETCATALOG_COMPILER_APPICON_NAME = AppIcon;
				ASSETCATALOG_COMPILER_GLOBAL_ACCENT_COLOR_NAME = AccentColor;
				CODE_SIGN_STYLE = Automatic;
				CURRENT_PROJECT_VERSION = 1;
				DEVELOPMENT_ASSET_PATHS = "\"VideosHub/Preview Content\"";
				DEVELOPMENT_TEAM = XR5G243JM7;
				ENABLE_PREVIEWS = YES;
				GENERATE_INFOPLIST_FILE = YES;
				INFOPLIST_KEY_UIApplicationSceneManifest_Generation = YES;
				INFOPLIST_KEY_UIApplicationSupportsIndirectInputEvents = YES;
				INFOPLIST_KEY_UILaunchScreen_Generation = YES;
				INFOPLIST_KEY_UISupportedInterfaceOrientations_iPad = "UIInterfaceOrientationPortrait UIInterfaceOrientationPortraitUpsideDown UIInterfaceOrientationLandscapeLeft UIInterfaceOrientationLandscapeRight";
				INFOPLIST_KEY_UISupportedInterfaceOrientations_iPhone = "UIInterfaceOrientationPortrait UIInterfaceOrientationLandscapeLeft UIInterfaceOrientationLandscapeRight";
				LD_RUNPATH_SEARCH_PATHS = (
					"$(inherited)",
					"@executable_path/Frameworks",
				);
				MARKETING_VERSION = 1.0;
				PRODUCT_BUNDLE_IDENTIFIER = com.codewithvu.VideosHub;
				PRODUCT_NAME = "$(TARGET_NAME)";
				SWIFT_EMIT_LOC_STRINGS = YES;
				SWIFT_VERSION = 5.0;
				TARGETED_DEVICE_FAMILY = "1,2";
			};
			name = Debug;
		};
		526926432888DEA50061FB4D /* Release */ = {
			isa = XCBuildConfiguration;
			baseConfigurationReference = 456959F615300FDA4BA82C93 /* Pods-VideosHub.release.xcconfig */;
			buildSettings = {
				ASSETCATALOG_COMPILER_APPICON_NAME = AppIcon;
				ASSETCATALOG_COMPILER_GLOBAL_ACCENT_COLOR_NAME = AccentColor;
				CODE_SIGN_STYLE = Automatic;
				CURRENT_PROJECT_VERSION = 1;
				DEVELOPMENT_ASSET_PATHS = "\"VideosHub/Preview Content\"";
				DEVELOPMENT_TEAM = XR5G243JM7;
				ENABLE_PREVIEWS = YES;
				GENERATE_INFOPLIST_FILE = YES;
				INFOPLIST_KEY_UIApplicationSceneManifest_Generation = YES;
				INFOPLIST_KEY_UIApplicationSupportsIndirectInputEvents = YES;
				INFOPLIST_KEY_UILaunchScreen_Generation = YES;
				INFOPLIST_KEY_UISupportedInterfaceOrientations_iPad = "UIInterfaceOrientationPortrait UIInterfaceOrientationPortraitUpsideDown UIInterfaceOrientationLandscapeLeft UIInterfaceOrientationLandscapeRight";
				INFOPLIST_KEY_UISupportedInterfaceOrientations_iPhone = "UIInterfaceOrientationPortrait UIInterfaceOrientationLandscapeLeft UIInterfaceOrientationLandscapeRight";
				LD_RUNPATH_SEARCH_PATHS = (
					"$(inherited)",
					"@executable_path/Frameworks",
				);
				MARKETING_VERSION = 1.0;
				PRODUCT_BUNDLE_IDENTIFIER = com.codewithvu.VideosHub;
				PRODUCT_NAME = "$(TARGET_NAME)";
				SWIFT_EMIT_LOC_STRINGS = YES;
				SWIFT_VERSION = 5.0;
				TARGETED_DEVICE_FAMILY = "1,2";
			};
			name = Release;
		};
/* End XCBuildConfiguration section */

/* Begin XCConfigurationList section */
		5269262E2888DEA20061FB4D /* Build configuration list for PBXProject "VideosHub" */ = {
			isa = XCConfigurationList;
			buildConfigurations = (
				5269263F2888DEA50061FB4D /* Debug */,
				526926402888DEA50061FB4D /* Release */,
			);
			defaultConfigurationIsVisible = 0;
			defaultConfigurationName = Release;
		};
		526926412888DEA50061FB4D /* Build configuration list for PBXNativeTarget "VideosHub" */ = {
			isa = XCConfigurationList;
			buildConfigurations = (
				526926422888DEA50061FB4D /* Debug */,
				526926432888DEA50061FB4D /* Release */,
			);
			defaultConfigurationIsVisible = 0;
			defaultConfigurationName = Release;
		};
/* End XCConfigurationList section */
	};
	rootObject = 5269262B2888DEA20061FB4D /* Project object */;
}
